
Microsoft Visual Studio Solution File, Format Version 11.00
# Visual Studio 2010
Project("{FAE04EC0-301F-11D3-BF4B-00C04F79EFBC}") = "WebsiteKeepAlive", "WebsiteKeepAlive\WebsiteKeepAlive.csproj", "{F2D975B9-6AD0-48B7-9A36-A82505F4C984}"
EndProject
Global
	GlobalSection(SolutionConfigurationPlatforms) = preSolution
		Debug|x86 = Debug|x86
		Release|x86 = Release|x86
	EndGlobalSection
	GlobalSection(ProjectConfigurationPlatforms) = postSolution
		{F2D975B9-6AD0-48B7-9A36-A82505F4C984}.Debug|x86.ActiveCfg = Debug|x86
		{F2D975B9-6AD0-48B7-9A36-A82505F4C984}.Debug|x86.Build.0 = Debug|x86
		{F2D975B9-6AD0-48B7-9A36-A82505F4C984}.Release|x86.ActiveCfg = Release|x86
		{F2D975B9-6AD0-48B7-9A36-A82505F4C984}.Release|x86.Build.0 = Release|x86
	EndGlobalSection
	GlobalSection(SolutionProperties) = preSolution
		HideSolutionNode = FALSE
	EndGlobalSection
EndGlobal
